
Microsoft Visual Studio Solution File, Format Version 12.00
Project("{FAE04EC0-301F-11D3-BF4B-00C04F79EFBC}") = "ProductManagement.Api", "ProductManagement.Api\ProductManagement.Api.csproj", "{27A5EFDD-D550-42E3-A4B2-2CF9364253CE}"
EndProject
Project("{FAE04EC0-301F-11D3-BF4B-00C04F79EFBC}") = "ProductManagement.Services", "ProductManagement.Services\ProductManagement.Services.csproj", "{4BB518A4-A28A-4C1A-B4A3-C0237546A228}"
EndProject
Project("{FAE04EC0-301F-11D3-BF4B-00C04F79EFBC}") = "ProductManagement.Repository", "ProductManagement.Repository\ProductManagement.Repository.csproj", "{3C0DB0AE-BBF0-466A-9A5A-C4F28B8F58DB}"
EndProject
Global
	GlobalSection(SolutionConfigurationPlatforms) = preSolution
		Debug|Any CPU = Debug|Any CPU
		Release|Any CPU = Release|Any CPU
	EndGlobalSection
	GlobalSection(ProjectConfigurationPlatforms) = postSolution
		{27A5EFDD-D550-42E3-A4B2-2CF9364253CE}.Debug|Any CPU.ActiveCfg = Debug|Any CPU
		{27A5EFDD-D550-42E3-A4B2-2CF9364253CE}.Debug|Any CPU.Build.0 = Debug|Any CPU
		{27A5EFDD-D550-42E3-A4B2-2CF9364253CE}.Release|Any CPU.ActiveCfg = Release|Any CPU
		{27A5EFDD-D550-42E3-A4B2-2CF9364253CE}.Release|Any CPU.Build.0 = Release|Any CPU
		{4BB518A4-A28A-4C1A-B4A3-C0237546A228}.Debug|Any CPU.ActiveCfg = Debug|Any CPU
		{4BB518A4-A28A-4C1A-B4A3-C0237546A228}.Debug|Any CPU.Build.0 = Debug|Any CPU
		{4BB518A4-A28A-4C1A-B4A3-C0237546A228}.Release|Any CPU.ActiveCfg = Release|Any CPU
		{4BB518A4-A28A-4C1A-B4A3-C0237546A228}.Release|Any CPU.Build.0 = Release|Any CPU
		{3C0DB0AE-BBF0-466A-9A5A-C4F28B8F58DB}.Debug|Any CPU.ActiveCfg = Debug|Any CPU
		{3C0DB0AE-BBF0-466A-9A5A-C4F28B8F58DB}.Debug|Any CPU.Build.0 = Debug|Any CPU
		{3C0DB0AE-BBF0-466A-9A5A-C4F28B8F58DB}.Release|Any CPU.ActiveCfg = Release|Any CPU
		{3C0DB0AE-BBF0-466A-9A5A-C4F28B8F58DB}.Release|Any CPU.Build.0 = Release|Any CPU
	EndGlobalSection
EndGlobal
